
Microsoft Visual Studio Solution File, Format Version 12.00
# Visual Studio Version 16
VisualStudioVersion = 16.0.29728.190
MinimumVisualStudioVersion = 10.0.40219.1
Project("{FAE04EC0-301F-11D3-BF4B-00C04F79EFBC}") = "ApiRestFull", "ApiRestFull\ApiRestFull.csproj", "{D0DFEDAA-8156-4FAA-953F-AE2EAC2E0A3C}"
EndProject
Global
	GlobalSection(SolutionConfigurationPlatforms) = preSolution
		Debug|Any CPU = Debug|Any CPU
		Release|Any CPU = Release|Any CPU
	EndGlobalSection
	GlobalSection(ProjectConfigurationPlatforms) = postSolution
		{D0DFEDAA-8156-4FAA-953F-AE2EAC2E0A3C}.Debug|Any CPU.ActiveCfg = Debug|Any CPU
		{D0DFEDAA-8156-4FAA-953F-AE2EAC2E0A3C}.Debug|Any CPU.Build.0 = Debug|Any CPU
		{D0DFEDAA-8156-4FAA-953F-AE2EAC2E0A3C}.Release|Any CPU.ActiveCfg = Release|Any CPU
		{D0DFEDAA-8156-4FAA-953F-AE2EAC2E0A3C}.Release|Any CPU.Build.0 = Release|Any CPU
	EndGlobalSection
	GlobalSection(SolutionProperties) = preSolution
		HideSolutionNode = FALSE
	EndGlobalSection
	GlobalSection(ExtensibilityGlobals) = postSolution
		SolutionGuid = {B6CCB008-3BB3-480B-94BC-B3572AFD6A80}
	EndGlobalSection
EndGlobal
